
Microsoft Visual Studio Solution File, Format Version 12.00
# Visual Studio Version 17
VisualStudioVersion = 17.0.31912.275
MinimumVisualStudioVersion = 10.0.40219.1
Project("{FAE04EC0-301F-11D3-BF4B-00C04F79EFBC}") = "WebService", "WebServiceDB\WebService.csproj", "{63495954-7991-41A2-94BD-47E39855D5FC}"
EndProject
Global
	GlobalSection(SolutionConfigurationPlatforms) = preSolution
		Debug|Any CPU = Debug|Any CPU
		Release|Any CPU = Release|Any CPU
	EndGlobalSection
	GlobalSection(ProjectConfigurationPlatforms) = postSolution
		{63495954-7991-41A2-94BD-47E39855D5FC}.Debug|Any CPU.ActiveCfg = Debug|Any CPU
		{63495954-7991-41A2-94BD-47E39855D5FC}.Debug|Any CPU.Build.0 = Debug|Any CPU
		{63495954-7991-41A2-94BD-47E39855D5FC}.Release|Any CPU.ActiveCfg = Release|Any CPU
		{63495954-7991-41A2-94BD-47E39855D5FC}.Release|Any CPU.Build.0 = Release|Any CPU
	EndGlobalSection
	GlobalSection(SolutionProperties) = preSolution
		HideSolutionNode = FALSE
	EndGlobalSection
	GlobalSection(ExtensibilityGlobals) = postSolution
		SolutionGuid = {AB93C819-06EE-406A-862E-108F63CDFE8B}
	EndGlobalSection
EndGlobal
